
Microsoft Visual Studio Solution File, Format Version 12.00
# Visual Studio 14
VisualStudioVersion = 14.0.25123.0
MinimumVisualStudioVersion = 10.0.40219.1
Project("{8BC9CEB8-8B4A-11D0-8D11-00A0C91BC942}") = "infosqlite", "infosqlite\infosqlite.vcxproj", "{78F185EB-E61C-4CD9-83D2-B2E7741C2F8F}"
	ProjectSection(ProjectDependencies) = postProject
		{EE846403-8085-43AC-8102-36C2AF721D7A} = {EE846403-8085-43AC-8102-36C2AF721D7A}
	EndProjectSection
EndProject
Project("{8BC9CEB8-8B4A-11D0-8D11-00A0C91BC942}") = "infostat", "infostat\infostat.vcxproj", "{EE846403-8085-43AC-8102-36C2AF721D7A}"
EndProject
Project("{8BC9CEB8-8B4A-11D0-8D11-00A0C91BC942}") = "UnitTestInfoStat", "UnitTestInfoStat\UnitTestInfoStat.vcxproj", "{6FB3C149-3D5D-4789-8FA1-0638C5D317C0}"
	ProjectSection(ProjectDependencies) = postProject
		{EE846403-8085-43AC-8102-36C2AF721D7A} = {EE846403-8085-43AC-8102-36C2AF721D7A}
		{78F185EB-E61C-4CD9-83D2-B2E7741C2F8F} = {78F185EB-E61C-4CD9-83D2-B2E7741C2F8F}
	EndProjectSection
EndProject
Global
	GlobalSection(SolutionConfigurationPlatforms) = preSolution
		Debug|x64 = Debug|x64
		Debug|x86 = Debug|x86
		Release|x64 = Release|x64
		Release|x86 = Release|x86
	EndGlobalSection
	GlobalSection(ProjectConfigurationPlatforms) = postSolution
		{78F185EB-E61C-4CD9-83D2-B2E7741C2F8F}.Debug|x64.ActiveCfg = Debug|x64
		{78F185EB-E61C-4CD9-83D2-B2E7741C2F8F}.Debug|x64.Build.0 = Debug|x64
		{78F185EB-E61C-4CD9-83D2-B2E7741C2F8F}.Debug|x86.ActiveCfg = Debug|Win32
		{78F185EB-E61C-4CD9-83D2-B2E7741C2F8F}.Debug|x86.Build.0 = Debug|Win32
		{78F185EB-E61C-4CD9-83D2-B2E7741C2F8F}.Release|x64.ActiveCfg = Release|x64
		{78F185EB-E61C-4CD9-83D2-B2E7741C2F8F}.Release|x64.Build.0 = Release|x64
		{78F185EB-E61C-4CD9-83D2-B2E7741C2F8F}.Release|x86.ActiveCfg = Release|Win32
		{78F185EB-E61C-4CD9-83D2-B2E7741C2F8F}.Release|x86.Build.0 = Release|Win32
		{EE846403-8085-43AC-8102-36C2AF721D7A}.Debug|x64.ActiveCfg = Debug|x64
		{EE846403-8085-43AC-8102-36C2AF721D7A}.Debug|x64.Build.0 = Debug|x64
		{EE846403-8085-43AC-8102-36C2AF721D7A}.Debug|x86.ActiveCfg = Debug|Win32
		{EE846403-8085-43AC-8102-36C2AF721D7A}.Debug|x86.Build.0 = Debug|Win32
		{EE846403-8085-43AC-8102-36C2AF721D7A}.Release|x64.ActiveCfg = Release|x64
		{EE846403-8085-43AC-8102-36C2AF721D7A}.Release|x64.Build.0 = Release|x64
		{EE846403-8085-43AC-8102-36C2AF721D7A}.Release|x86.ActiveCfg = Release|Win32
		{EE846403-8085-43AC-8102-36C2AF721D7A}.Release|x86.Build.0 = Release|Win32
		{6FB3C149-3D5D-4789-8FA1-0638C5D317C0}.Debug|x64.ActiveCfg = Debug|x64
		{6FB3C149-3D5D-4789-8FA1-0638C5D317C0}.Debug|x64.Build.0 = Debug|x64
		{6FB3C149-3D5D-4789-8FA1-0638C5D317C0}.Debug|x86.ActiveCfg = Debug|Win32
		{6FB3C149-3D5D-4789-8FA1-0638C5D317C0}.Debug|x86.Build.0 = Debug|Win32
		{6FB3C149-3D5D-4789-8FA1-0638C5D317C0}.Release|x64.ActiveCfg = Release|x64
		{6FB3C149-3D5D-4789-8FA1-0638C5D317C0}.Release|x64.Build.0 = Release|x64
		{6FB3C149-3D5D-4789-8FA1-0638C5D317C0}.Release|x86.ActiveCfg = Release|Win32
		{6FB3C149-3D5D-4789-8FA1-0638C5D317C0}.Release|x86.Build.0 = Release|Win32
	EndGlobalSection
	GlobalSection(SolutionProperties) = preSolution
		HideSolutionNode = FALSE
	EndGlobalSection
EndGlobal
