<?xml version="1.0" encoding="utf-8"?>
<Project ToolsVersion="4.0" xmlns="http://schemas.microsoft.com/developer/msbuild/2003">
  <ItemGroup>
    <Filter Include="Fichiers sources">
      <UniqueIdentifier>{4FC737F1-C7A5-4376-A066-2A32D752A2FF}</UniqueIdentifier>
      <Extensions>cpp;c;cc;cxx;def;odl;idl;hpj;bat;asm;asmx</Extensions>
    </Filter>
    <Filter Include="Fichiers d%27en-tête">
      <UniqueIdentifier>{93995380-89BD-4b04-88EB-625FBE52EBFB}</UniqueIdentifier>
      <Extensions>h;hh;hpp;hxx;hm;inl;inc;xsd</Extensions>
    </Filter>
    <Filter Include="Fichiers de ressources">
      <UniqueIdentifier>{67DA6AB6-F800-4c08-8B7A-83BB121AAD01}</UniqueIdentifier>
      <Extensions>rc;ico;cur;bmp;dlg;rc2;rct;bin;rgs;gif;jpg;jpeg;jpe;resx;tiff;tif;png;wav;mfcribbon-ms</Extensions>
    </Filter>
    <Filter Include="src">
      <UniqueIdentifier>{66ae6c0e-68b8-4af8-a325-ad9d6002353a}</UniqueIdentifier>
    </Filter>
    <Filter Include="include">
      <UniqueIdentifier>{62c7a702-7b97-4ec0-9dbc-e6c9de2c4001}</UniqueIdentifier>
    </Filter>
    <Filter Include="src\sqlite">
      <UniqueIdentifier>{c3340ac2-1180-433e-aa22-d2bf4b2f3da8}</UniqueIdentifier>
    </Filter>
  </ItemGroup>
  <ItemGroup>
    <Text Include="ReadMe.txt" />
  </ItemGroup>
  <ItemGroup>
    <ClInclude Include="include\dbstatitems.h">
      <Filter>include</Filter>
    </ClInclude>
    <ClInclude Include="include\dbvalue.h">
      <Filter>include</Filter>
    </ClInclude>
    <ClInclude Include="include\info_constants.h">
      <Filter>include</Filter>
    </ClInclude>
    <ClInclude Include="include\istorehelper.h">
      <Filter>include</Filter>
    </ClInclude>
    <ClInclude Include="include\sqlitestathelper.h">
      <Filter>include</Filter>
    </ClInclude>
    <ClInclude Include="include\stringconvert.h">
      <Filter>include</Filter>
    </ClInclude>
    <ClInclude Include="include\sqlite_database.h">
      <Filter>include</Filter>
    </ClInclude>
    <ClInclude Include="include\sqlite_statement.h">
      <Filter>include</Filter>
    </ClInclude>
    <ClInclude Include="src\sqlite\sqlite3.h">
      <Filter>src\sqlite</Filter>
    </ClInclude>
    <ClInclude Include="src\sqlite\sqlite3ext.h">
      <Filter>src\sqlite</Filter>
    </ClInclude>
    <ClInclude Include="include\indiv.h">
      <Filter>include</Filter>
    </ClInclude>
    <ClInclude Include="include\storeindivprovider.h">
      <Filter>include</Filter>
    </ClInclude>
  </ItemGroup>
  <ItemGroup>
    <ClCompile Include="src\dbstatitems.cpp">
      <Filter>src</Filter>
    </ClCompile>
    <ClCompile Include="src\dbvalue.cpp">
      <Filter>src</Filter>
    </ClCompile>
    <ClCompile Include="src\sqlitestathelper.cpp">
      <Filter>src</Filter>
    </ClCompile>
    <ClCompile Include="src\sqlite_database.cpp">
      <Filter>src</Filter>
    </ClCompile>
    <ClCompile Include="src\sqlite_statement.cpp">
      <Filter>src</Filter>
    </ClCompile>
    <ClCompile Include="src\sqlite\sqlite3.c">
      <Filter>src\sqlite</Filter>
    </ClCompile>
    <ClCompile Include="src\indiv.cpp">
      <Filter>src</Filter>
    </ClCompile>
    <ClCompile Include="src\storeindivprovider.cpp">
      <Filter>src</Filter>
    </ClCompile>
  </ItemGroup>
</Project>