<?xml version="1.0" encoding="utf-8"?>
<Project ToolsVersion="4.0" xmlns="http://schemas.microsoft.com/developer/msbuild/2003">
  <ItemGroup>
    <Filter Include="Source Files">
      <UniqueIdentifier>{4FC737F1-C7A5-4376-A066-2A32D752A2FF}</UniqueIdentifier>
      <Extensions>cpp;c;cc;cxx;def;odl;idl;hpj;bat;asm;asmx</Extensions>
    </Filter>
    <Filter Include="Header Files">
      <UniqueIdentifier>{93995380-89BD-4b04-88EB-625FBE52EBFB}</UniqueIdentifier>
      <Extensions>h;hh;hpp;hxx;hm;inl;inc;xsd</Extensions>
    </Filter>
    <Filter Include="Resource Files">
      <UniqueIdentifier>{67DA6AB6-F800-4c08-8B7A-83BB121AAD01}</UniqueIdentifier>
      <Extensions>rc;ico;cur;bmp;dlg;rc2;rct;bin;rgs;gif;jpg;jpeg;jpe;resx;tiff;tif;png;wav;mfcribbon-ms</Extensions>
    </Filter>
    <Filter Include="include">
      <UniqueIdentifier>{e2a9c7e6-102c-4dac-9ffc-88dfe5ba8c99}</UniqueIdentifier>
    </Filter>
    <Filter Include="src">
      <UniqueIdentifier>{2bd8d115-7e7f-4a7c-8a5d-129f0d8320a7}</UniqueIdentifier>
    </Filter>
    <Filter Include="src\sqlite">
      <UniqueIdentifier>{b81b181d-b084-400d-b90b-338de7985584}</UniqueIdentifier>
    </Filter>
  </ItemGroup>
  <ItemGroup>
    <Text Include="ReadMe.txt" />
  </ItemGroup>
  <ItemGroup>
    <ClCompile Include="src\sqlite\sqlite3.c">
      <Filter>src\sqlite</Filter>
    </ClCompile>
    <ClCompile Include="src\crititem.cpp">
      <Filter>src</Filter>
    </ClCompile>
    <ClCompile Include="src\dbstatitems.cpp">
      <Filter>src</Filter>
    </ClCompile>
    <ClCompile Include="src\dbvalue.cpp">
      <Filter>src</Filter>
    </ClCompile>
    <ClCompile Include="src\indiv.cpp">
      <Filter>src</Filter>
    </ClCompile>
    <ClCompile Include="src\indivcluster.cpp">
      <Filter>src</Filter>
    </ClCompile>
    <ClCompile Include="src\numericindivprovider.cpp">
      <Filter>src</Filter>
    </ClCompile>
    <ClCompile Include="src\sqlite_database.cpp">
      <Filter>src</Filter>
    </ClCompile>
    <ClCompile Include="src\sqlite_statement.cpp">
      <Filter>src</Filter>
    </ClCompile>
    <ClCompile Include="src\sqlitestathelper.cpp">
      <Filter>src</Filter>
    </ClCompile>
    <ClCompile Include="src\statinfo.cpp">
      <Filter>src</Filter>
    </ClCompile>
    <ClCompile Include="src\storeindivprovider.cpp">
      <Filter>src</Filter>
    </ClCompile>
    <ClCompile Include="src\workindivprovider.cpp">
      <Filter>src</Filter>
    </ClCompile>
  </ItemGroup>
  <ItemGroup>
    <ClInclude Include="src\sqlite\sqlite3.h">
      <Filter>src\sqlite</Filter>
    </ClInclude>
    <ClInclude Include="src\sqlite\sqlite3ext.h">
      <Filter>src\sqlite</Filter>
    </ClInclude>
    <ClInclude Include="include\crititem.h">
      <Filter>include</Filter>
    </ClInclude>
    <ClInclude Include="include\dbstatitems.h">
      <Filter>include</Filter>
    </ClInclude>
    <ClInclude Include="include\dbvalue.h">
      <Filter>include</Filter>
    </ClInclude>
    <ClInclude Include="include\indiv.h">
      <Filter>include</Filter>
    </ClInclude>
    <ClInclude Include="include\indivcluster.h">
      <Filter>include</Filter>
    </ClInclude>
    <ClInclude Include="include\info_constants.h">
      <Filter>include</Filter>
    </ClInclude>
    <ClInclude Include="include\istorehelper.h">
      <Filter>include</Filter>
    </ClInclude>
    <ClInclude Include="include\numericIndivprovider.h">
      <Filter>include</Filter>
    </ClInclude>
    <ClInclude Include="include\sqlite_database.h">
      <Filter>include</Filter>
    </ClInclude>
    <ClInclude Include="include\sqlite_statement.h">
      <Filter>include</Filter>
    </ClInclude>
    <ClInclude Include="include\sqlitestathelper.h">
      <Filter>include</Filter>
    </ClInclude>
    <ClInclude Include="include\statinfo.h">
      <Filter>include</Filter>
    </ClInclude>
    <ClInclude Include="include\storeindivprovider.h">
      <Filter>include</Filter>
    </ClInclude>
    <ClInclude Include="include\stringconvert.h">
      <Filter>include</Filter>
    </ClInclude>
    <ClInclude Include="include\workindivprovider.h">
      <Filter>include</Filter>
    </ClInclude>
    <ClInclude Include="include\boost_inc.h">
      <Filter>include</Filter>
    </ClInclude>
  </ItemGroup>
</Project>