<?xml version="1.0" encoding="utf-8"?>
<Project ToolsVersion="4.0" xmlns="http://schemas.microsoft.com/developer/msbuild/2003">
  <ItemGroup>
    <Filter Include="Source Files">
      <UniqueIdentifier>{4FC737F1-C7A5-4376-A066-2A32D752A2FF}</UniqueIdentifier>
      <Extensions>cpp;c;cc;cxx;def;odl;idl;hpj;bat;asm;asmx</Extensions>
    </Filter>
    <Filter Include="Header Files">
      <UniqueIdentifier>{93995380-89BD-4b04-88EB-625FBE52EBFB}</UniqueIdentifier>
      <Extensions>h;hh;hpp;hxx;hm;inl;inc;xsd</Extensions>
    </Filter>
    <Filter Include="Resource Files">
      <UniqueIdentifier>{67DA6AB6-F800-4c08-8B7A-83BB121AAD01}</UniqueIdentifier>
      <Extensions>rc;ico;cur;bmp;dlg;rc2;rct;bin;rgs;gif;jpg;jpeg;jpe;resx;tiff;tif;png;wav;mfcribbon-ms</Extensions>
    </Filter>
    <Filter Include="include">
      <UniqueIdentifier>{f57b7cf3-b65c-45a8-8bf0-512664fecee4}</UniqueIdentifier>
    </Filter>
    <Filter Include="src">
      <UniqueIdentifier>{3bceb9fd-36bc-4d57-96d3-d064a3153c17}</UniqueIdentifier>
    </Filter>
    <Filter Include="tests">
      <UniqueIdentifier>{087a9f18-de13-45e4-93e0-8c8a06635c0a}</UniqueIdentifier>
    </Filter>
  </ItemGroup>
  <ItemGroup>
    <Text Include="ReadMe.txt" />
  </ItemGroup>
  <ItemGroup>
    <ClInclude Include="stdafx.h">
      <Filter>Header Files</Filter>
    </ClInclude>
    <ClInclude Include="targetver.h">
      <Filter>Header Files</Filter>
    </ClInclude>
    <ClInclude Include="include\database.h">
      <Filter>include</Filter>
    </ClInclude>
    <ClInclude Include="include\dbstatitems.h">
      <Filter>include</Filter>
    </ClInclude>
    <ClInclude Include="include\dbvalue.h">
      <Filter>include</Filter>
    </ClInclude>
    <ClInclude Include="include\statdbmanager.h">
      <Filter>include</Filter>
    </ClInclude>
    <ClInclude Include="include\statement.h">
      <Filter>include</Filter>
    </ClInclude>
    <ClInclude Include="include\stringconvert.h">
      <Filter>include</Filter>
    </ClInclude>
    <ClInclude Include="src\sqlite3.h">
      <Filter>src</Filter>
    </ClInclude>
    <ClInclude Include="src\sqlite3ext.h">
      <Filter>src</Filter>
    </ClInclude>
    <ClInclude Include="tests\infotestdata.h">
      <Filter>tests</Filter>
    </ClInclude>
    <ClInclude Include="include\indiv.h">
      <Filter>include</Filter>
    </ClInclude>
    <ClInclude Include="include\dbindivprovider.h">
      <Filter>include</Filter>
    </ClInclude>
    <ClInclude Include="include\indivcluster.h">
      <Filter>include</Filter>
    </ClInclude>
    <ClInclude Include="include\serialindivprovider.h">
      <Filter>include</Filter>
    </ClInclude>
    <ClInclude Include="include\indivtreeitem.h">
      <Filter>include</Filter>
    </ClInclude>
    <ClInclude Include="include\info_constants.h">
      <Filter>include</Filter>
    </ClInclude>
    <ClInclude Include="include\workerindivprovider.h">
      <Filter>include</Filter>
    </ClInclude>
    <ClInclude Include="include\dlibstathelper.h">
      <Filter>include</Filter>
    </ClInclude>
    <ClInclude Include="include\sqlitestathelper.h">
      <Filter>include</Filter>
    </ClInclude>
    <ClInclude Include="include\istorehelper.h">
      <Filter>include</Filter>
    </ClInclude>
  </ItemGroup>
  <ItemGroup>
    <ClCompile Include="stdafx.cpp">
      <Filter>Source Files</Filter>
    </ClCompile>
    <ClCompile Include="GenStatData.cpp">
      <Filter>Source Files</Filter>
    </ClCompile>
    <ClCompile Include="tester.cpp">
      <Filter>Source Files</Filter>
    </ClCompile>
    <ClCompile Include="src\database.cpp">
      <Filter>src</Filter>
    </ClCompile>
    <ClCompile Include="src\dbstatitems.cpp">
      <Filter>src</Filter>
    </ClCompile>
    <ClCompile Include="src\dbvalue.cpp">
      <Filter>src</Filter>
    </ClCompile>
    <ClCompile Include="src\sqlite3.c">
      <Filter>src</Filter>
    </ClCompile>
    <ClCompile Include="src\statdbmanager.cpp">
      <Filter>src</Filter>
    </ClCompile>
    <ClCompile Include="src\statement.cpp">
      <Filter>src</Filter>
    </ClCompile>
    <ClCompile Include="tests\infotestdata.cpp">
      <Filter>tests</Filter>
    </ClCompile>
    <ClCompile Include="tests\test_statdatamanager.cpp">
      <Filter>tests</Filter>
    </ClCompile>
    <ClCompile Include="src\indiv.cpp">
      <Filter>src</Filter>
    </ClCompile>
    <ClCompile Include="src\dbindivprovider.cpp">
      <Filter>src</Filter>
    </ClCompile>
    <ClCompile Include="tests\test_dbindivprovider.cpp">
      <Filter>tests</Filter>
    </ClCompile>
    <ClCompile Include="src\indivcluster.cpp">
      <Filter>src</Filter>
    </ClCompile>
    <ClCompile Include="src\indivtreeitem.cpp">
      <Filter>src</Filter>
    </ClCompile>
    <ClCompile Include="src\workerindivprovider.cpp">
      <Filter>src</Filter>
    </ClCompile>
    <ClCompile Include="src\serialindivprovider.cpp">
      <Filter>src</Filter>
    </ClCompile>
    <ClCompile Include="src\dlibstathelper.cpp">
      <Filter>src</Filter>
    </ClCompile>
    <ClCompile Include="src\sqlitestathelper.cpp">
      <Filter>src</Filter>
    </ClCompile>
    <ClCompile Include="tests\test_sqlitestathelper.cpp">
      <Filter>tests</Filter>
    </ClCompile>
  </ItemGroup>
</Project>